
Microsoft Visual Studio Solution File, Format Version 12.00
# Visual Studio Version 16
VisualStudioVersion = 16.0.31624.102
MinimumVisualStudioVersion = 10.0.40219.1
Project("{FAE04EC0-301F-11D3-BF4B-00C04F79EFBC}") = "sample1", "sample1\sample1.csproj", "{F1101579-C5B6-4665-BA8D-C2DD65B09AA3}"
EndProject
Global
	GlobalSection(SolutionConfigurationPlatforms) = preSolution
		Debug|Any CPU = Debug|Any CPU
		Release|Any CPU = Release|Any CPU
	EndGlobalSection
	GlobalSection(ProjectConfigurationPlatforms) = postSolution
		{F1101579-C5B6-4665-BA8D-C2DD65B09AA3}.Debug|Any CPU.ActiveCfg = Debug|Any CPU
		{F1101579-C5B6-4665-BA8D-C2DD65B09AA3}.Debug|Any CPU.Build.0 = Debug|Any CPU
		{F1101579-C5B6-4665-BA8D-C2DD65B09AA3}.Release|Any CPU.ActiveCfg = Release|Any CPU
		{F1101579-C5B6-4665-BA8D-C2DD65B09AA3}.Release|Any CPU.Build.0 = Release|Any CPU
	EndGlobalSection
	GlobalSection(SolutionProperties) = preSolution
		HideSolutionNode = FALSE
	EndGlobalSection
	GlobalSection(ExtensibilityGlobals) = postSolution
		SolutionGuid = {A1008E67-1769-4D04-994A-ADEE61AA39C6}
	EndGlobalSection
EndGlobal
